
Microsoft Visual Studio Solution File, Format Version 12.00
# Visual Studio Version 17
VisualStudioVersion = 17.7.34031.279
MinimumVisualStudioVersion = 10.0.40219.1
Project("{8BC9CEB8-8B4A-11D0-8D11-00A0C91BC942}") = "while1", "while1\while1.vcxproj", "{B81E9093-8703-4F40-BB31-7704FE89C384}"
EndProject
Project("{8BC9CEB8-8B4A-11D0-8D11-00A0C91BC942}") = "while2", "while2\while2.vcxproj", "{2883B4D3-F457-4E97-82F6-4237C842BD67}"
EndProject
Project("{8BC9CEB8-8B4A-11D0-8D11-00A0C91BC942}") = "while3", "while3\while3.vcxproj", "{DB77E33C-7CA9-41C1-B3B4-EBEADA210F12}"
EndProject
Project("{8BC9CEB8-8B4A-11D0-8D11-00A0C91BC942}") = "while4", "while4\while4.vcxproj", "{01B62D9E-BBFB-436E-8E58-512D623D3D69}"
EndProject
Project("{8BC9CEB8-8B4A-11D0-8D11-00A0C91BC942}") = "while5", "while5\while5.vcxproj", "{C930D14D-7768-4C9B-B7D2-FEB91A064BFD}"
EndProject
Project("{8BC9CEB8-8B4A-11D0-8D11-00A0C91BC942}") = "while7", "while7\while7.vcxproj", "{AAC6C1D9-738A-46BA-96B9-3976B067A8D7}"
EndProject
Project("{8BC9CEB8-8B4A-11D0-8D11-00A0C91BC942}") = "while9", "while9\while9.vcxproj", "{F6A7545A-30B8-46D5-B09C-B368317F4CDC}"
EndProject
Project("{8BC9CEB8-8B4A-11D0-8D11-00A0C91BC942}") = "while10", "while10\while10.vcxproj", "{7406DB6B-576C-4D9F-975C-CD3746DD1078}"
EndProject
Project("{8BC9CEB8-8B4A-11D0-8D11-00A0C91BC942}") = "while15", "while15\while15.vcxproj", "{D03A56EA-4753-4BD2-A2B3-41FF2ABF61B5}"
EndProject
Project("{8BC9CEB8-8B4A-11D0-8D11-00A0C91BC942}") = "while16", "while16\while16.vcxproj", "{0F668061-D727-4A66-8B9E-6A91DE52EDF7}"
EndProject
Project("{8BC9CEB8-8B4A-11D0-8D11-00A0C91BC942}") = "while21", "while21\while21.vcxproj", "{AFFE4870-F123-4AEB-8321-7ADA0EF2FD2B}"
EndProject
Project("{8BC9CEB8-8B4A-11D0-8D11-00A0C91BC942}") = "while22", "while22\while22.vcxproj", "{507B73E9-9D44-4764-B797-1DD8F7F3CAEE}"
EndProject
Project("{8BC9CEB8-8B4A-11D0-8D11-00A0C91BC942}") = "while23", "while23\while23.vcxproj", "{718CEF3F-242C-4303-AB6E-8EF2AC6B1926}"
EndProject
Project("{8BC9CEB8-8B4A-11D0-8D11-00A0C91BC942}") = "while25", "while25\while25.vcxproj", "{BDDC2DE0-FBAA-4111-97AE-4908A224BFDD}"
EndProject
Global
	GlobalSection(SolutionConfigurationPlatforms) = preSolution
		Debug|x64 = Debug|x64
		Debug|x86 = Debug|x86
		Release|x64 = Release|x64
		Release|x86 = Release|x86
	EndGlobalSection
	GlobalSection(ProjectConfigurationPlatforms) = postSolution
		{B81E9093-8703-4F40-BB31-7704FE89C384}.Debug|x64.ActiveCfg = Debug|x64
		{B81E9093-8703-4F40-BB31-7704FE89C384}.Debug|x64.Build.0 = Debug|x64
		{B81E9093-8703-4F40-BB31-7704FE89C384}.Debug|x86.ActiveCfg = Debug|Win32
		{B81E9093-8703-4F40-BB31-7704FE89C384}.Debug|x86.Build.0 = Debug|Win32
		{B81E9093-8703-4F40-BB31-7704FE89C384}.Release|x64.ActiveCfg = Release|x64
		{B81E9093-8703-4F40-BB31-7704FE89C384}.Release|x64.Build.0 = Release|x64
		{B81E9093-8703-4F40-BB31-7704FE89C384}.Release|x86.ActiveCfg = Release|Win32
		{B81E9093-8703-4F40-BB31-7704FE89C384}.Release|x86.Build.0 = Release|Win32
		{2883B4D3-F457-4E97-82F6-4237C842BD67}.Debug|x64.ActiveCfg = Debug|x64
		{2883B4D3-F457-4E97-82F6-4237C842BD67}.Debug|x64.Build.0 = Debug|x64
		{2883B4D3-F457-4E97-82F6-4237C842BD67}.Debug|x86.ActiveCfg = Debug|Win32
		{2883B4D3-F457-4E97-82F6-4237C842BD67}.Debug|x86.Build.0 = Debug|Win32
		{2883B4D3-F457-4E97-82F6-4237C842BD67}.Release|x64.ActiveCfg = Release|x64
		{2883B4D3-F457-4E97-82F6-4237C842BD67}.Release|x64.Build.0 = Release|x64
		{2883B4D3-F457-4E97-82F6-4237C842BD67}.Release|x86.ActiveCfg = Release|Win32
		{2883B4D3-F457-4E97-82F6-4237C842BD67}.Release|x86.Build.0 = Release|Win32
		{DB77E33C-7CA9-41C1-B3B4-EBEADA210F12}.Debug|x64.ActiveCfg = Debug|x64
		{DB77E33C-7CA9-41C1-B3B4-EBEADA210F12}.Debug|x64.Build.0 = Debug|x64
		{DB77E33C-7CA9-41C1-B3B4-EBEADA210F12}.Debug|x86.ActiveCfg = Debug|Win32
		{DB77E33C-7CA9-41C1-B3B4-EBEADA210F12}.Debug|x86.Build.0 = Debug|Win32
		{DB77E33C-7CA9-41C1-B3B4-EBEADA210F12}.Release|x64.ActiveCfg = Release|x64
		{DB77E33C-7CA9-41C1-B3B4-EBEADA210F12}.Release|x64.Build.0 = Release|x64
		{DB77E33C-7CA9-41C1-B3B4-EBEADA210F12}.Release|x86.ActiveCfg = Release|Win32
		{DB77E33C-7CA9-41C1-B3B4-EBEADA210F12}.Release|x86.Build.0 = Release|Win32
		{01B62D9E-BBFB-436E-8E58-512D623D3D69}.Debug|x64.ActiveCfg = Debug|x64
		{01B62D9E-BBFB-436E-8E58-512D623D3D69}.Debug|x64.Build.0 = Debug|x64
		{01B62D9E-BBFB-436E-8E58-512D623D3D69}.Debug|x86.ActiveCfg = Debug|Win32
		{01B62D9E-BBFB-436E-8E58-512D623D3D69}.Debug|x86.Build.0 = Debug|Win32
		{01B62D9E-BBFB-436E-8E58-512D623D3D69}.Release|x64.ActiveCfg = Release|x64
		{01B62D9E-BBFB-436E-8E58-512D623D3D69}.Release|x64.Build.0 = Release|x64
		{01B62D9E-BBFB-436E-8E58-512D623D3D69}.Release|x86.ActiveCfg = Release|Win32
		{01B62D9E-BBFB-436E-8E58-512D623D3D69}.Release|x86.Build.0 = Release|Win32
		{C930D14D-7768-4C9B-B7D2-FEB91A064BFD}.Debug|x64.ActiveCfg = Debug|x64
		{C930D14D-7768-4C9B-B7D2-FEB91A064BFD}.Debug|x64.Build.0 = Debug|x64
		{C930D14D-7768-4C9B-B7D2-FEB91A064BFD}.Debug|x86.ActiveCfg = Debug|Win32
		{C930D14D-7768-4C9B-B7D2-FEB91A064BFD}.Debug|x86.Build.0 = Debug|Win32
		{C930D14D-7768-4C9B-B7D2-FEB91A064BFD}.Release|x64.ActiveCfg = Release|x64
		{C930D14D-7768-4C9B-B7D2-FEB91A064BFD}.Release|x64.Build.0 = Release|x64
		{C930D14D-7768-4C9B-B7D2-FEB91A064BFD}.Release|x86.ActiveCfg = Release|Win32
		{C930D14D-7768-4C9B-B7D2-FEB91A064BFD}.Release|x86.Build.0 = Release|Win32
		{AAC6C1D9-738A-46BA-96B9-3976B067A8D7}.Debug|x64.ActiveCfg = Debug|x64
		{AAC6C1D9-738A-46BA-96B9-3976B067A8D7}.Debug|x64.Build.0 = Debug|x64
		{AAC6C1D9-738A-46BA-96B9-3976B067A8D7}.Debug|x86.ActiveCfg = Debug|Win32
		{AAC6C1D9-738A-46BA-96B9-3976B067A8D7}.Debug|x86.Build.0 = Debug|Win32
		{AAC6C1D9-738A-46BA-96B9-3976B067A8D7}.Release|x64.ActiveCfg = Release|x64
		{AAC6C1D9-738A-46BA-96B9-3976B067A8D7}.Release|x64.Build.0 = Release|x64
		{AAC6C1D9-738A-46BA-96B9-3976B067A8D7}.Release|x86.ActiveCfg = Release|Win32
		{AAC6C1D9-738A-46BA-96B9-3976B067A8D7}.Release|x86.Build.0 = Release|Win32
		{F6A7545A-30B8-46D5-B09C-B368317F4CDC}.Debug|x64.ActiveCfg = Debug|x64
		{F6A7545A-30B8-46D5-B09C-B368317F4CDC}.Debug|x64.Build.0 = Debug|x64
		{F6A7545A-30B8-46D5-B09C-B368317F4CDC}.Debug|x86.ActiveCfg = Debug|Win32
		{F6A7545A-30B8-46D5-B09C-B368317F4CDC}.Debug|x86.Build.0 = Debug|Win32
		{F6A7545A-30B8-46D5-B09C-B368317F4CDC}.Release|x64.ActiveCfg = Release|x64
		{F6A7545A-30B8-46D5-B09C-B368317F4CDC}.Release|x64.Build.0 = Release|x64
		{F6A7545A-30B8-46D5-B09C-B368317F4CDC}.Release|x86.ActiveCfg = Release|Win32
		{F6A7545A-30B8-46D5-B09C-B368317F4CDC}.Release|x86.Build.0 = Release|Win32
		{7406DB6B-576C-4D9F-975C-CD3746DD1078}.Debug|x64.ActiveCfg = Debug|x64
		{7406DB6B-576C-4D9F-975C-CD3746DD1078}.Debug|x64.Build.0 = Debug|x64
		{7406DB6B-576C-4D9F-975C-CD3746DD1078}.Debug|x86.ActiveCfg = Debug|Win32
		{7406DB6B-576C-4D9F-975C-CD3746DD1078}.Debug|x86.Build.0 = Debug|Win32
		{7406DB6B-576C-4D9F-975C-CD3746DD1078}.Release|x64.ActiveCfg = Release|x64
		{7406DB6B-576C-4D9F-975C-CD3746DD1078}.Release|x64.Build.0 = Release|x64
		{7406DB6B-576C-4D9F-975C-CD3746DD1078}.Release|x86.ActiveCfg = Release|Win32
		{7406DB6B-576C-4D9F-975C-CD3746DD1078}.Release|x86.Build.0 = Release|Win32
		{D03A56EA-4753-4BD2-A2B3-41FF2ABF61B5}.Debug|x64.ActiveCfg = Debug|x64
		{D03A56EA-4753-4BD2-A2B3-41FF2ABF61B5}.Debug|x64.Build.0 = Debug|x64
		{D03A56EA-4753-4BD2-A2B3-41FF2ABF61B5}.Debug|x86.ActiveCfg = Debug|Win32
		{D03A56EA-4753-4BD2-A2B3-41FF2ABF61B5}.Debug|x86.Build.0 = Debug|Win32
		{D03A56EA-4753-4BD2-A2B3-41FF2ABF61B5}.Release|x64.ActiveCfg = Release|x64
		{D03A56EA-4753-4BD2-A2B3-41FF2ABF61B5}.Release|x64.Build.0 = Release|x64
		{D03A56EA-4753-4BD2-A2B3-41FF2ABF61B5}.Release|x86.ActiveCfg = Release|Win32
		{D03A56EA-4753-4BD2-A2B3-41FF2ABF61B5}.Release|x86.Build.0 = Release|Win32
		{0F668061-D727-4A66-8B9E-6A91DE52EDF7}.Debug|x64.ActiveCfg = Debug|x64
		{0F668061-D727-4A66-8B9E-6A91DE52EDF7}.Debug|x64.Build.0 = Debug|x64
		{0F668061-D727-4A66-8B9E-6A91DE52EDF7}.Debug|x86.ActiveCfg = Debug|Win32
		{0F668061-D727-4A66-8B9E-6A91DE52EDF7}.Debug|x86.Build.0 = Debug|Win32
		{0F668061-D727-4A66-8B9E-6A91DE52EDF7}.Release|x64.ActiveCfg = Release|x64
		{0F668061-D727-4A66-8B9E-6A91DE52EDF7}.Release|x64.Build.0 = Release|x64
		{0F668061-D727-4A66-8B9E-6A91DE52EDF7}.Release|x86.ActiveCfg = Release|Win32
		{0F668061-D727-4A66-8B9E-6A91DE52EDF7}.Release|x86.Build.0 = Release|Win32
		{AFFE4870-F123-4AEB-8321-7ADA0EF2FD2B}.Debug|x64.ActiveCfg = Debug|x64
		{AFFE4870-F123-4AEB-8321-7ADA0EF2FD2B}.Debug|x64.Build.0 = Debug|x64
		{AFFE4870-F123-4AEB-8321-7ADA0EF2FD2B}.Debug|x86.ActiveCfg = Debug|Win32
		{AFFE4870-F123-4AEB-8321-7ADA0EF2FD2B}.Debug|x86.Build.0 = Debug|Win32
		{AFFE4870-F123-4AEB-8321-7ADA0EF2FD2B}.Release|x64.ActiveCfg = Release|x64
		{AFFE4870-F123-4AEB-8321-7ADA0EF2FD2B}.Release|x64.Build.0 = Release|x64
		{AFFE4870-F123-4AEB-8321-7ADA0EF2FD2B}.Release|x86.ActiveCfg = Release|Win32
		{AFFE4870-F123-4AEB-8321-7ADA0EF2FD2B}.Release|x86.Build.0 = Release|Win32
		{507B73E9-9D44-4764-B797-1DD8F7F3CAEE}.Debug|x64.ActiveCfg = Debug|x64
		{507B73E9-9D44-4764-B797-1DD8F7F3CAEE}.Debug|x64.Build.0 = Debug|x64
		{507B73E9-9D44-4764-B797-1DD8F7F3CAEE}.Debug|x86.ActiveCfg = Debug|Win32
		{507B73E9-9D44-4764-B797-1DD8F7F3CAEE}.Debug|x86.Build.0 = Debug|Win32
		{507B73E9-9D44-4764-B797-1DD8F7F3CAEE}.Release|x64.ActiveCfg = Release|x64
		{507B73E9-9D44-4764-B797-1DD8F7F3CAEE}.Release|x64.Build.0 = Release|x64
		{507B73E9-9D44-4764-B797-1DD8F7F3CAEE}.Release|x86.ActiveCfg = Release|Win32
		{507B73E9-9D44-4764-B797-1DD8F7F3CAEE}.Release|x86.Build.0 = Release|Win32
		{718CEF3F-242C-4303-AB6E-8EF2AC6B1926}.Debug|x64.ActiveCfg = Debug|x64
		{718CEF3F-242C-4303-AB6E-8EF2AC6B1926}.Debug|x64.Build.0 = Debug|x64
		{718CEF3F-242C-4303-AB6E-8EF2AC6B1926}.Debug|x86.ActiveCfg = Debug|Win32
		{718CEF3F-242C-4303-AB6E-8EF2AC6B1926}.Debug|x86.Build.0 = Debug|Win32
		{718CEF3F-242C-4303-AB6E-8EF2AC6B1926}.Release|x64.ActiveCfg = Release|x64
		{718CEF3F-242C-4303-AB6E-8EF2AC6B1926}.Release|x64.Build.0 = Release|x64
		{718CEF3F-242C-4303-AB6E-8EF2AC6B1926}.Release|x86.ActiveCfg = Release|Win32
		{718CEF3F-242C-4303-AB6E-8EF2AC6B1926}.Release|x86.Build.0 = Release|Win32
		{BDDC2DE0-FBAA-4111-97AE-4908A224BFDD}.Debug|x64.ActiveCfg = Debug|x64
		{BDDC2DE0-FBAA-4111-97AE-4908A224BFDD}.Debug|x64.Build.0 = Debug|x64
		{BDDC2DE0-FBAA-4111-97AE-4908A224BFDD}.Debug|x86.ActiveCfg = Debug|Win32
		{BDDC2DE0-FBAA-4111-97AE-4908A224BFDD}.Debug|x86.Build.0 = Debug|Win32
		{BDDC2DE0-FBAA-4111-97AE-4908A224BFDD}.Release|x64.ActiveCfg = Release|x64
		{BDDC2DE0-FBAA-4111-97AE-4908A224BFDD}.Release|x64.Build.0 = Release|x64
		{BDDC2DE0-FBAA-4111-97AE-4908A224BFDD}.Release|x86.ActiveCfg = Release|Win32
		{BDDC2DE0-FBAA-4111-97AE-4908A224BFDD}.Release|x86.Build.0 = Release|Win32
	EndGlobalSection
	GlobalSection(SolutionProperties) = preSolution
		HideSolutionNode = FALSE
	EndGlobalSection
	GlobalSection(ExtensibilityGlobals) = postSolution
		SolutionGuid = {D13ADEE8-8C9C-463A-B16F-00BED89517C9}
	EndGlobalSection
EndGlobal
